# THIS IS AN AUTOGENERATED FILE. DO NOT EDIT THIS FILE DIRECTLY.
# yarn lockfile v1


"@electron/asar@^3.2.8":
  version "3.2.8"
  resolved "https://registry.npm.wps.cn/@electron/asar/download/@electron/asar-3.2.8.tgz#2ea722f3452583dbd4ffdcc4b4f5dc903f1d8178"
  integrity sha1-Lqci80Ulg9vU/9zEtPXckD8dgXg=
  dependencies:
    commander "^5.0.0"
    glob "^7.1.6"
    minimatch "^3.0.4"

"@sindresorhus/is@^4.0.0":
  version "4.6.0"
  resolved "https://registry.npm.wps.cn/@sindresorhus/is/download/@sindresorhus/is-4.6.0.tgz#3c7c9c46e678feefe7a2e5bb609d3dbd665ffb3f"
  integrity sha1-PHycRuZ4/u/nouW7YJ09vWZf+z8=

"@szmarczak/http-timer@^4.0.5":
  version "4.0.6"
  resolved "https://registry.npm.wps.cn/@szmarczak/http-timer/download/@szmarczak/http-timer-4.0.6.tgz#b4a914bb62e7c272d4e5989fe4440f812ab1d807"
  integrity sha1-tKkUu2LnwnLU5Zif5EQPgSqx2Ac=
  dependencies:
    defer-to-connect "^2.0.0"

"@types/cacheable-request@^6.0.1":
  version "6.0.3"
  resolved "https://registry.npm.wps.cn/@types/cacheable-request/download/@types/cacheable-request-6.0.3.tgz#a430b3260466ca7b5ca5bfd735693b36e7a9d183"
  integrity sha1-pDCzJgRmyntcpb/XNWk7Nuep0YM=
  dependencies:
    "@types/http-cache-semantics" "*"
    "@types/keyv" "^3.1.4"
    "@types/node" "*"
    "@types/responselike" "^1.0.0"

"@types/http-cache-semantics@*":
  version "4.0.4"
  resolved "https://registry.npm.wps.cn/@types/http-cache-semantics/download/@types/http-cache-semantics-4.0.4.tgz#b979ebad3919799c979b17c72621c0bc0a31c6c4"
  integrity sha1-uXnrrTkZeZyXmxfHJiHAvAoxxsQ=

"@types/keyv@^3.1.4":
  version "3.1.4"
  resolved "https://registry.npm.wps.cn/@types/keyv/download/@types/keyv-3.1.4.tgz#3ccdb1c6751b0c7e52300bcdacd5bcbf8faa75b6"
  integrity sha1-PM2xxnUbDH5SMAvNrNW8v4+qdbY=
  dependencies:
    "@types/node" "*"

"@types/node@*":
  version "20.11.5"
  resolved "https://registry.npm.wps.cn/@types/node/download/@types/node-20.11.5.tgz#be10c622ca7fcaa3cf226cf80166abc31389d86e"
  integrity sha1-vhDGIsp/yqPPImz4AWarwxOJ2G4=
  dependencies:
    undici-types "~5.26.4"

"@types/responselike@^1.0.0":
  version "1.0.3"
  resolved "https://registry.npm.wps.cn/@types/responselike/download/@types/responselike-1.0.3.tgz#cc29706f0a397cfe6df89debfe4bf5cea159db50"
  integrity sha1-zClwbwo5fP5t+J3r/kv1zqFZ21A=
  dependencies:
    "@types/node" "*"

ajv-formats@^1.5.1:
  version "1.6.1"
  resolved "https://registry.npm.wps.cn/ajv-formats/download/ajv-formats-1.6.1.tgz#35c7cdcd2a12d509171c37bac32f2e8eb010a536"
  integrity sha1-NcfNzSoS1QkXHDe6wy8ujrAQpTY=
  dependencies:
    ajv "^7.0.0"

ajv@^6.12.3:
  version "6.12.6"
  resolved "https://registry.npm.wps.cn/ajv/download/ajv-6.12.6.tgz#baf5a62e802b07d977034586f8c3baf5adf26df4"
  integrity sha1-uvWmLoArB9l3A0WG+MO69a3ybfQ=
  dependencies:
    fast-deep-equal "^3.1.1"
    fast-json-stable-stringify "^2.0.0"
    json-schema-traverse "^0.4.1"
    uri-js "^4.2.2"

ajv@^7.0.0, ajv@^7.0.3:
  version "7.2.4"
  resolved "https://registry.npm.wps.cn/ajv/download/ajv-7.2.4.tgz#8e239d4d56cf884bccca8cca362f508446dc160f"
  integrity sha1-jiOdTVbPiEvMyozKNi9QhEbcFg8=
  dependencies:
    fast-deep-equal "^3.1.1"
    json-schema-traverse "^1.0.0"
    require-from-string "^2.0.2"
    uri-js "^4.2.2"

asn1@~0.2.3:
  version "0.2.6"
  resolved "https://registry.npm.wps.cn/asn1/download/asn1-0.2.6.tgz#0d3a7bb6e64e02a90c0303b31f292868ea09a08d"
  integrity sha1-DTp7tuZOAqkMAwOzHykoaOoJoI0=
  dependencies:
    safer-buffer "~2.1.0"

assert-plus@1.0.0, assert-plus@^1.0.0:
  version "1.0.0"
  resolved "https://registry.npm.wps.cn/assert-plus/download/assert-plus-1.0.0.tgz#f12e0f3c5d77b0b1cdd9146942e4e96c1e4dd525"
  integrity sha1-8S4PPF13sLHN2RRpQuTpbB5N1SU=

asynckit@^0.4.0:
  version "0.4.0"
  resolved "https://registry.npm.wps.cn/asynckit/download/asynckit-0.4.0.tgz#c79ed97f7f34cb8f2ba1bc9790bcc366474b4b79"
  integrity sha1-x57Zf380y48robyXkLzDZkdLS3k=

atomically@^1.7.0:
  version "1.7.0"
  resolved "https://registry.npm.wps.cn/atomically/download/atomically-1.7.0.tgz#c07a0458432ea6dbc9a3506fffa424b48bccaafe"
  integrity sha1-wHoEWEMuptvJo1Bv/6QktIvMqv4=

aws-sign2@~0.7.0:
  version "0.7.0"
  resolved "https://registry.npm.wps.cn/aws-sign2/download/aws-sign2-0.7.0.tgz#b46e890934a9591f2d2f6f86d7e6a9f1b3fe76a8"
  integrity sha1-tG6JCTSpWR8tL2+G1+ap8bP+dqg=

aws4@^1.8.0:
  version "1.12.0"
  resolved "https://registry.npm.wps.cn/aws4/download/aws4-1.12.0.tgz#ce1c9d143389679e253b314241ea9aa5cec980d3"
  integrity sha1-zhydFDOJZ54lOzFCQeqapc7JgNM=

balanced-match@^1.0.0:
  version "1.0.2"
  resolved "https://registry.npm.wps.cn/balanced-match/download/balanced-match-1.0.2.tgz#e83e3a7e3f300b34cb9d87f615fa0cbf357690ee"
  integrity sha1-6D46fj8wCzTLnYf2FfoMvzV2kO4=

bcrypt-pbkdf@^1.0.0:
  version "1.0.2"
  resolved "https://registry.npm.wps.cn/bcrypt-pbkdf/download/bcrypt-pbkdf-1.0.2.tgz#a4301d389b6a43f9b67ff3ca11a3f6637e360e9e"
  integrity sha1-pDAdOJtqQ/m2f/PKEaP2Y342Dp4=
  dependencies:
    tweetnacl "^0.14.3"

brace-expansion@^1.1.7:
  version "1.1.11"
  resolved "https://registry.npm.wps.cn/brace-expansion/download/brace-expansion-1.1.11.tgz#3c7fcbf529d87226f3d2f52b966ff5271eb441dd"
  integrity sha1-PH/L9SnYcibz0vUrlm/1Jx60Qd0=
  dependencies:
    balanced-match "^1.0.0"
    concat-map "0.0.1"

cacheable-lookup@^5.0.3:
  version "5.0.4"
  resolved "https://registry.npm.wps.cn/cacheable-lookup/download/cacheable-lookup-5.0.4.tgz#5a6b865b2c44357be3d5ebc2a467b032719a7005"
  integrity sha1-WmuGWyxENXvj1evCpGewMnGacAU=

cacheable-request@^7.0.1:
  version "7.0.4"
  resolved "https://registry.npm.wps.cn/cacheable-request/download/cacheable-request-7.0.4.tgz#7a33ebf08613178b403635be7b899d3e69bbe817"
  integrity sha1-ejPr8IYTF4tANjW+e4mdPmm76Bc=
  dependencies:
    clone-response "^1.0.2"
    get-stream "^5.1.0"
    http-cache-semantics "^4.0.0"
    keyv "^4.0.0"
    lowercase-keys "^2.0.0"
    normalize-url "^6.0.1"
    responselike "^2.0.0"

caseless@~0.12.0:
  version "0.12.0"
  resolved "https://registry.npm.wps.cn/caseless/download/caseless-0.12.0.tgz#1b681c21ff84033c826543090689420d187151dc"
  integrity sha1-G2gcIf+EAzyCZUMJBolCDRhxUdw=

clone-response@^1.0.2:
  version "1.0.3"
  resolved "https://registry.npm.wps.cn/clone-response/download/clone-response-1.0.3.tgz#af2032aa47816399cf5f0a1d0db902f517abb8c3"
  integrity sha1-ryAyqkeBY5nPXwodDbkC9ReruMM=
  dependencies:
    mimic-response "^1.0.0"

combined-stream@^1.0.6, combined-stream@~1.0.6:
  version "1.0.8"
  resolved "https://registry.npm.wps.cn/combined-stream/download/combined-stream-1.0.8.tgz#c3d45a8b34fd730631a110a8a2520682b31d5a7f"
  integrity sha1-w9RaizT9cwYxoRCoolIGgrMdWn8=
  dependencies:
    delayed-stream "~1.0.0"

commander@^5.0.0:
  version "5.1.0"
  resolved "https://registry.npm.wps.cn/commander/download/commander-5.1.0.tgz#46abbd1652f8e059bddaef99bbdcb2ad9cf179ae"
  integrity sha1-Rqu9FlL44Fm92u+Zu9yyrZzxea4=

concat-map@0.0.1:
  version "0.0.1"
  resolved "https://registry.npm.wps.cn/concat-map/download/concat-map-0.0.1.tgz#d8a96bd77fd68df7793a73036a3ba0d5405d477b"
  integrity sha1-2Klr13/Wjfd5OnMDajug1UBdR3s=

conf@^9.0.0:
  version "9.0.2"
  resolved "https://registry.npm.wps.cn/conf/download/conf-9.0.2.tgz#943589602b1ce274d9234265314336a698972bc5"
  integrity sha1-lDWJYCsc4nTZI0JlMUM2ppiXK8U=
  dependencies:
    ajv "^7.0.3"
    ajv-formats "^1.5.1"
    atomically "^1.7.0"
    debounce-fn "^4.0.0"
    dot-prop "^6.0.1"
    env-paths "^2.2.0"
    json-schema-typed "^7.0.3"
    make-dir "^3.1.0"
    onetime "^5.1.2"
    pkg-up "^3.1.0"
    semver "^7.3.4"

core-util-is@1.0.2:
  version "1.0.2"
  resolved "https://registry.npm.wps.cn/core-util-is/download/core-util-is-1.0.2.tgz#b5fd54220aa2bc5ab57aab7140c940754503c1a7"
  integrity sha1-tf1UIgqivFq1eqtxQMlAdUUDwac=

cos-nodejs-sdk-v5@^2.12.6:
  version "2.12.6"
  resolved "https://registry.npm.wps.cn/cos-nodejs-sdk-v5/download/cos-nodejs-sdk-v5-2.12.6.tgz#662f7d04a299ba5ee6e26ec57ccd4cb191fa5f62"
  integrity sha1-Zi99BKKZul7m4m7FfM1MsZH6X2I=
  dependencies:
    conf "^9.0.0"
    fast-xml-parser "4.2.5"
    mime-types "^2.1.24"
    request "^2.88.2"

dashdash@^1.12.0:
  version "1.14.1"
  resolved "https://registry.npm.wps.cn/dashdash/download/dashdash-1.14.1.tgz#853cfa0f7cbe2fed5de20326b8dd581035f6e2f0"
  integrity sha1-hTz6D3y+L+1d4gMmuN1YEDX24vA=
  dependencies:
    assert-plus "^1.0.0"

debounce-fn@^4.0.0:
  version "4.0.0"
  resolved "https://registry.npm.wps.cn/debounce-fn/download/debounce-fn-4.0.0.tgz#ed76d206d8a50e60de0dd66d494d82835ffe61c7"
  integrity sha1-7XbSBtilDmDeDdZtSU2Cg1/+Ycc=
  dependencies:
    mimic-fn "^3.0.0"

decompress-response@^6.0.0:
  version "6.0.0"
  resolved "https://registry.npm.wps.cn/decompress-response/download/decompress-response-6.0.0.tgz#ca387612ddb7e104bd16d85aab00d5ecf09c66fc"
  integrity sha1-yjh2Et234QS9FthaqwDV7PCcZvw=
  dependencies:
    mimic-response "^3.1.0"

defer-to-connect@^2.0.0:
  version "2.0.1"
  resolved "https://registry.npm.wps.cn/defer-to-connect/download/defer-to-connect-2.0.1.tgz#8016bdb4143e4632b77a3449c6236277de520587"
  integrity sha1-gBa9tBQ+RjK3ejRJxiNid95SBYc=

delayed-stream@~1.0.0:
  version "1.0.0"
  resolved "https://registry.npm.wps.cn/delayed-stream/download/delayed-stream-1.0.0.tgz#df3ae199acadfb7d440aaae0b29e2272b24ec619"
  integrity sha1-3zrhmayt+31ECqrgsp4icrJOxhk=

dot-prop@^6.0.1:
  version "6.0.1"
  resolved "https://registry.npm.wps.cn/dot-prop/download/dot-prop-6.0.1.tgz#fc26b3cf142b9e59b74dbd39ed66ce620c681083"
  integrity sha1-/CazzxQrnlm3Tb057WbOYgxoEIM=
  dependencies:
    is-obj "^2.0.0"

ecc-jsbn@~0.1.1:
  version "0.1.2"
  resolved "https://registry.npm.wps.cn/ecc-jsbn/download/ecc-jsbn-0.1.2.tgz#3a83a904e54353287874c564b7549386849a98c9"
  integrity sha1-OoOpBOVDUyh4dMVkt1SThoSamMk=
  dependencies:
    jsbn "~0.1.0"
    safer-buffer "^2.1.0"

end-of-stream@^1.1.0:
  version "1.4.4"
  resolved "https://registry.npm.wps.cn/end-of-stream/download/end-of-stream-1.4.4.tgz#5ae64a5f45057baf3626ec14da0ca5e4b2431eb0"
  integrity sha1-WuZKX0UFe682JuwU2gyl5LJDHrA=
  dependencies:
    once "^1.4.0"

env-paths@^2.2.0:
  version "2.2.1"
  resolved "https://registry.npm.wps.cn/env-paths/download/env-paths-2.2.1.tgz#420399d416ce1fbe9bc0a07c62fa68d67fd0f8f2"
  integrity sha1-QgOZ1BbOH76bwKB8Yvpo1n/Q+PI=

extend@~3.0.2:
  version "3.0.2"
  resolved "https://registry.npm.wps.cn/extend/download/extend-3.0.2.tgz#f8b1136b4071fbd8eb140aff858b1019ec2915fa"
  integrity sha1-+LETa0Bx+9jrFAr/hYsQGewpFfo=

extsprintf@1.3.0:
  version "1.3.0"
  resolved "https://registry.npm.wps.cn/extsprintf/download/extsprintf-1.3.0.tgz#96918440e3041a7a414f8c52e3c574eb3c3e1e05"
  integrity sha1-lpGEQOMEGnpBT4xS48V06zw+HgU=

extsprintf@^1.2.0:
  version "1.4.1"
  resolved "https://registry.npm.wps.cn/extsprintf/download/extsprintf-1.4.1.tgz#8d172c064867f235c0c84a596806d279bf4bcc07"
  integrity sha1-jRcsBkhn8jXAyEpZaAbSeb9LzAc=

fast-deep-equal@^3.1.1:
  version "3.1.3"
  resolved "https://registry.npm.wps.cn/fast-deep-equal/download/fast-deep-equal-3.1.3.tgz#3a7d56b559d6cbc3eb512325244e619a65c6c525"
  integrity sha1-On1WtVnWy8PrUSMlJE5hmmXGxSU=

fast-json-stable-stringify@^2.0.0:
  version "2.1.0"
  resolved "https://registry.npm.wps.cn/fast-json-stable-stringify/download/fast-json-stable-stringify-2.1.0.tgz#874bf69c6f404c2b5d99c481341399fd55892633"
  integrity sha1-h0v2nG9ATCtdmcSBNBOZ/VWJJjM=

fast-xml-parser@4.2.5:
  version "4.2.5"
  resolved "https://registry.npm.wps.cn/fast-xml-parser/download/fast-xml-parser-4.2.5.tgz#a6747a09296a6cb34f2ae634019bf1738f3b421f"
  integrity sha1-pnR6CSlqbLNPKuY0AZvxc487Qh8=
  dependencies:
    strnum "^1.0.5"

find-up@^3.0.0:
  version "3.0.0"
  resolved "https://registry.npm.wps.cn/find-up/download/find-up-3.0.0.tgz#49169f1d7993430646da61ecc5ae355c21c97b73"
  integrity sha1-SRafHXmTQwZG2mHsxa41XCHJe3M=
  dependencies:
    locate-path "^3.0.0"

forever-agent@~0.6.1:
  version "0.6.1"
  resolved "https://registry.npm.wps.cn/forever-agent/download/forever-agent-0.6.1.tgz#fbc71f0c41adeb37f96c577ad1ed42d8fdacca91"
  integrity sha1-+8cfDEGt6zf5bFd60e1C2P2sypE=

form-data@~2.3.2:
  version "2.3.3"
  resolved "https://registry.npm.wps.cn/form-data/download/form-data-2.3.3.tgz#dcce52c05f644f298c6a7ab936bd724ceffbf3a6"
  integrity sha1-3M5SwF9kTymManq5Nr1yTO/786Y=
  dependencies:
    asynckit "^0.4.0"
    combined-stream "^1.0.6"
    mime-types "^2.1.12"

fs.realpath@^1.0.0:
  version "1.0.0"
  resolved "https://registry.npm.wps.cn/fs.realpath/download/fs.realpath-1.0.0.tgz#1504ad2523158caa40db4a2787cb01411994ea4f"
  integrity sha1-FQStJSMVjKpA20onh8sBQRmU6k8=

gar@^1.0.4:
  version "1.0.4"
  resolved "https://registry.npm.wps.cn/gar/download/gar-1.0.4.tgz#f777bc7db425c0572fdeb52676172ca1ae9888b8"
  integrity sha1-93e8fbQlwFcv3rUmdhcsoa6YiLg=

get-folder-size@^4.0.0:
  version "4.0.0"
  resolved "https://registry.npm.wps.cn/get-folder-size/download/get-folder-size-4.0.0.tgz#d73eedb4b2fa9144a3b5a115909d129e1ba8300a"
  integrity sha1-1z7ttLL6kUSjtaEVkJ0SnhuoMAo=
  dependencies:
    gar "^1.0.4"

get-stream@^5.1.0:
  version "5.2.0"
  resolved "https://registry.npm.wps.cn/get-stream/download/get-stream-5.2.0.tgz#4966a1795ee5ace65e706c4b7beb71257d6e22d3"
  integrity sha1-SWaheV7lrOZecGxLe+txJX1uItM=
  dependencies:
    pump "^3.0.0"

getpass@^0.1.1:
  version "0.1.7"
  resolved "https://registry.npm.wps.cn/getpass/download/getpass-0.1.7.tgz#5eff8e3e684d569ae4cb2b1282604e8ba62149fa"
  integrity sha1-Xv+OPmhNVprkyysSgmBOi6YhSfo=
  dependencies:
    assert-plus "^1.0.0"

glob@^7.1.6:
  version "7.2.3"
  resolved "https://registry.npm.wps.cn/glob/download/glob-7.2.3.tgz#b8df0fb802bbfa8e89bd1d938b4e16578ed44f2b"
  integrity sha1-uN8PuAK7+o6JvR2Ti04WV47UTys=
  dependencies:
    fs.realpath "^1.0.0"
    inflight "^1.0.4"
    inherits "2"
    minimatch "^3.1.1"
    once "^1.3.0"
    path-is-absolute "^1.0.0"

got@11.8.0:
  version "11.8.0"
  resolved "https://registry.npm.wps.cn/got/download/got-11.8.0.tgz#be0920c3586b07fd94add3b5b27cb28f49e6545f"
  integrity sha1-vgkgw1hrB/2UrdO1snyyj0nmVF8=
  dependencies:
    "@sindresorhus/is" "^4.0.0"
    "@szmarczak/http-timer" "^4.0.5"
    "@types/cacheable-request" "^6.0.1"
    "@types/responselike" "^1.0.0"
    cacheable-lookup "^5.0.3"
    cacheable-request "^7.0.1"
    decompress-response "^6.0.0"
    http2-wrapper "^1.0.0-beta.5.2"
    lowercase-keys "^2.0.0"
    p-cancelable "^2.0.0"
    responselike "^2.0.0"

har-schema@^2.0.0:
  version "2.0.0"
  resolved "https://registry.npm.wps.cn/har-schema/download/har-schema-2.0.0.tgz#a94c2224ebcac04782a0d9035521f24735b7ec92"
  integrity sha1-qUwiJOvKwEeCoNkDVSHyRzW37JI=

har-validator@~5.1.3:
  version "5.1.5"
  resolved "https://registry.npm.wps.cn/har-validator/download/har-validator-5.1.5.tgz#1f0803b9f8cb20c0fa13822df1ecddb36bde1efd"
  integrity sha1-HwgDufjLIMD6E4It8ezds2veHv0=
  dependencies:
    ajv "^6.12.3"
    har-schema "^2.0.0"

http-cache-semantics@^4.0.0:
  version "4.1.1"
  resolved "https://registry.npm.wps.cn/http-cache-semantics/download/http-cache-semantics-4.1.1.tgz#abe02fcb2985460bf0323be664436ec3476a6d5a"
  integrity sha1-q+AvyymFRgvwMjvmZENuw0dqbVo=

http-signature@~1.2.0:
  version "1.2.0"
  resolved "https://registry.npm.wps.cn/http-signature/download/http-signature-1.2.0.tgz#9aecd925114772f3d95b65a60abb8f7c18fbace1"
  integrity sha1-muzZJRFHcvPZW2WmCruPfBj7rOE=
  dependencies:
    assert-plus "^1.0.0"
    jsprim "^1.2.2"
    sshpk "^1.7.0"

http2-wrapper@^1.0.0-beta.5.2:
  version "1.0.3"
  resolved "https://registry.npm.wps.cn/http2-wrapper/download/http2-wrapper-1.0.3.tgz#b8f55e0c1f25d4ebd08b3b0c2c079f9590800b3d"
  integrity sha1-uPVeDB8l1OvQizsMLAeflZCACz0=
  dependencies:
    quick-lru "^5.1.1"
    resolve-alpn "^1.0.0"

inflight@^1.0.4:
  version "1.0.6"
  resolved "https://registry.npm.wps.cn/inflight/download/inflight-1.0.6.tgz#49bd6331d7d02d0c09bc910a1075ba8165b56df9"
  integrity sha1-Sb1jMdfQLQwJvJEKEHW6gWW1bfk=
  dependencies:
    once "^1.3.0"
    wrappy "1"

inherits@2:
  version "2.0.4"
  resolved "https://registry.npm.wps.cn/inherits/download/inherits-2.0.4.tgz#0fa2c64f932917c3433a0ded55363aae37416b7c"
  integrity sha1-D6LGT5MpF8NDOg3tVTY6rjdBa3w=

is-obj@^2.0.0:
  version "2.0.0"
  resolved "https://registry.npm.wps.cn/is-obj/download/is-obj-2.0.0.tgz#473fb05d973705e3fd9620545018ca8e22ef4982"
  integrity sha1-Rz+wXZc3BeP9liBUUBjKjiLvSYI=

is-typedarray@~1.0.0:
  version "1.0.0"
  resolved "https://registry.npm.wps.cn/is-typedarray/download/is-typedarray-1.0.0.tgz#e479c80858df0c1b11ddda6940f96011fcda4a9a"
  integrity sha1-5HnICFjfDBsR3dppQPlgEfzaSpo=

isstream@~0.1.2:
  version "0.1.2"
  resolved "https://registry.npm.wps.cn/isstream/download/isstream-0.1.2.tgz#47e63f7af55afa6f92e1500e690eb8b8529c099a"
  integrity sha1-R+Y/evVa+m+S4VAOaQ64uFKcCZo=

jsbn@~0.1.0:
  version "0.1.1"
  resolved "https://registry.npm.wps.cn/jsbn/download/jsbn-0.1.1.tgz#a5e654c2e5a2deb5f201d96cefbca80c0ef2f513"
  integrity sha1-peZUwuWi3rXyAdls77yoDA7y9RM=

json-buffer@3.0.1:
  version "3.0.1"
  resolved "https://registry.npm.wps.cn/json-buffer/download/json-buffer-3.0.1.tgz#9338802a30d3b6605fbe0613e094008ca8c05a13"
  integrity sha1-kziAKjDTtmBfvgYT4JQAjKjAWhM=

json-schema-traverse@^0.4.1:
  version "0.4.1"
  resolved "https://registry.npm.wps.cn/json-schema-traverse/download/json-schema-traverse-0.4.1.tgz#69f6a87d9513ab8bb8fe63bdb0979c448e684660"
  integrity sha1-afaofZUTq4u4/mO9sJecRI5oRmA=

json-schema-traverse@^1.0.0:
  version "1.0.0"
  resolved "https://registry.npm.wps.cn/json-schema-traverse/download/json-schema-traverse-1.0.0.tgz#ae7bcb3656ab77a73ba5c49bf654f38e6b6860e2"
  integrity sha1-rnvLNlard6c7pcSb9lTzjmtoYOI=

json-schema-typed@^7.0.3:
  version "7.0.3"
  resolved "https://registry.npm.wps.cn/json-schema-typed/download/json-schema-typed-7.0.3.tgz#23ff481b8b4eebcd2ca123b4fa0409e66469a2d9"
  integrity sha1-I/9IG4tO680soSO0+gQJ5mRpotk=

json-schema@0.4.0:
  version "0.4.0"
  resolved "https://registry.npm.wps.cn/json-schema/download/json-schema-0.4.0.tgz#f7de4cf6efab838ebaeb3236474cbba5a1930ab5"
  integrity sha1-995M9u+rg4666zI2R0y7paGTCrU=

json-stringify-safe@~5.0.1:
  version "5.0.1"
  resolved "https://registry.npm.wps.cn/json-stringify-safe/download/json-stringify-safe-5.0.1.tgz#1296a2d58fd45f19a0f6ce01d65701e2c735b6eb"
  integrity sha1-Epai1Y/UXxmg9s4B1lcB4sc1tus=

jsprim@^1.2.2:
  version "1.4.2"
  resolved "https://registry.npm.wps.cn/jsprim/download/jsprim-1.4.2.tgz#712c65533a15c878ba59e9ed5f0e26d5b77c5feb"
  integrity sha1-cSxlUzoVyHi6WentXw4m1bd8X+s=
  dependencies:
    assert-plus "1.0.0"
    extsprintf "1.3.0"
    json-schema "0.4.0"
    verror "1.10.0"

keyv@^4.0.0:
  version "4.5.4"
  resolved "https://registry.npm.wps.cn/keyv/download/keyv-4.5.4.tgz#a879a99e29452f942439f2a405e3af8b31d4de93"
  integrity sha1-qHmpnilFL5QkOfKkBeOvizHU3pM=
  dependencies:
    json-buffer "3.0.1"

locate-path@^3.0.0:
  version "3.0.0"
  resolved "https://registry.npm.wps.cn/locate-path/download/locate-path-3.0.0.tgz#dbec3b3ab759758071b58fe59fc41871af21400e"
  integrity sha1-2+w7OrdZdYBxtY/ln8QYca8hQA4=
  dependencies:
    p-locate "^3.0.0"
    path-exists "^3.0.0"

lodash@^4.17.21:
  version "4.17.21"
  resolved "https://registry.npm.wps.cn/lodash/download/lodash-4.17.21.tgz#679591c564c3bffaae8454cf0b3df370c3d6911c"
  integrity sha1-Z5WRxWTDv/quhFTPCz3zcMPWkRw=

lowercase-keys@^2.0.0:
  version "2.0.0"
  resolved "https://registry.npm.wps.cn/lowercase-keys/download/lowercase-keys-2.0.0.tgz#2603e78b7b4b0006cbca2fbcc8a3202558ac9479"
  integrity sha1-JgPni3tLAAbLyi+8yKMgJVislHk=

lru-cache@^6.0.0:
  version "6.0.0"
  resolved "https://registry.npm.wps.cn/lru-cache/download/lru-cache-6.0.0.tgz#6d6fe6570ebd96aaf90fcad1dafa3b2566db3a94"
  integrity sha1-bW/mVw69lqr5D8rR2vo7JWbbOpQ=
  dependencies:
    yallist "^4.0.0"

make-dir@^3.1.0:
  version "3.1.0"
  resolved "https://registry.npm.wps.cn/make-dir/download/make-dir-3.1.0.tgz#415e967046b3a7f1d185277d84aa58203726a13f"
  integrity sha1-QV6WcEazp/HRhSd9hKpYIDcmoT8=
  dependencies:
    semver "^6.0.0"

mime-db@1.52.0:
  version "1.52.0"
  resolved "https://registry.npm.wps.cn/mime-db/download/mime-db-1.52.0.tgz#bbabcdc02859f4987301c856e3387ce5ec43bf70"
  integrity sha1-u6vNwChZ9JhzAchW4zh85exDv3A=

mime-types@^2.1.12, mime-types@^2.1.24, mime-types@~2.1.19:
  version "2.1.35"
  resolved "https://registry.npm.wps.cn/mime-types/download/mime-types-2.1.35.tgz#381a871b62a734450660ae3deee44813f70d959a"
  integrity sha1-OBqHG2KnNEUGYK497uRIE/cNlZo=
  dependencies:
    mime-db "1.52.0"

mimic-fn@^2.1.0:
  version "2.1.0"
  resolved "https://registry.npm.wps.cn/mimic-fn/download/mimic-fn-2.1.0.tgz#7ed2c2ccccaf84d3ffcb7a69b57711fc2083401b"
  integrity sha1-ftLCzMyvhNP/y3pptXcR/CCDQBs=

mimic-fn@^3.0.0:
  version "3.1.0"
  resolved "https://registry.npm.wps.cn/mimic-fn/download/mimic-fn-3.1.0.tgz#65755145bbf3e36954b949c16450427451d5ca74"
  integrity sha1-ZXVRRbvz42lUuUnBZFBCdFHVynQ=

mimic-response@^1.0.0:
  version "1.0.1"
  resolved "https://registry.npm.wps.cn/mimic-response/download/mimic-response-1.0.1.tgz#4923538878eef42063cb8a3e3b0798781487ab1b"
  integrity sha1-SSNTiHju9CBjy4o+OweYeBSHqxs=

mimic-response@^3.1.0:
  version "3.1.0"
  resolved "https://registry.npm.wps.cn/mimic-response/download/mimic-response-3.1.0.tgz#2d1d59af9c1b129815accc2c46a022a5ce1fa3c9"
  integrity sha1-LR1Zr5wbEpgVrMwsRqAipc4fo8k=

minimatch@^3.0.4, minimatch@^3.1.1:
  version "3.1.2"
  resolved "https://registry.npm.wps.cn/minimatch/download/minimatch-3.1.2.tgz#19cd194bfd3e428f049a70817c038d89ab4be35b"
  integrity sha1-Gc0ZS/0+Qo8EmnCBfAONiatL41s=
  dependencies:
    brace-expansion "^1.1.7"

normalize-url@^6.0.1:
  version "6.1.0"
  resolved "https://registry.npm.wps.cn/normalize-url/download/normalize-url-6.1.0.tgz#40d0885b535deffe3f3147bec877d05fe4c5668a"
  integrity sha1-QNCIW1Nd7/4/MUe+yHfQX+TFZoo=

oauth-sign@~0.9.0:
  version "0.9.0"
  resolved "https://registry.npm.wps.cn/oauth-sign/download/oauth-sign-0.9.0.tgz#47a7b016baa68b5fa0ecf3dee08a85c679ac6455"
  integrity sha1-R6ewFrqmi1+g7PPe4IqFxnmsZFU=

once@^1.3.0, once@^1.3.1, once@^1.4.0:
  version "1.4.0"
  resolved "https://registry.npm.wps.cn/once/download/once-1.4.0.tgz#583b1aa775961d4b113ac17d9c50baef9dd76bd1"
  integrity sha1-WDsap3WWHUsROsF9nFC6753Xa9E=
  dependencies:
    wrappy "1"

onetime@^5.1.2:
  version "5.1.2"
  resolved "https://registry.npm.wps.cn/onetime/download/onetime-5.1.2.tgz#d0e96ebb56b07476df1dd9c4806e5237985ca45e"
  integrity sha1-0Oluu1awdHbfHdnEgG5SN5hcpF4=
  dependencies:
    mimic-fn "^2.1.0"

p-cancelable@^2.0.0:
  version "2.1.1"
  resolved "https://registry.npm.wps.cn/p-cancelable/download/p-cancelable-2.1.1.tgz#aab7fbd416582fa32a3db49859c122487c5ed2cf"
  integrity sha1-qrf71BZYL6MqPbSYWcEiSHxe0s8=

p-limit@^2.0.0:
  version "2.3.0"
  resolved "https://registry.npm.wps.cn/p-limit/download/p-limit-2.3.0.tgz#3dd33c647a214fdfffd835933eb086da0dc21db1"
  integrity sha1-PdM8ZHohT9//2DWTPrCG2g3CHbE=
  dependencies:
    p-try "^2.0.0"

p-locate@^3.0.0:
  version "3.0.0"
  resolved "https://registry.npm.wps.cn/p-locate/download/p-locate-3.0.0.tgz#322d69a05c0264b25997d9f40cd8a891ab0064a4"
  integrity sha1-Mi1poFwCZLJZl9n0DNiokasAZKQ=
  dependencies:
    p-limit "^2.0.0"

p-try@^2.0.0:
  version "2.2.0"
  resolved "https://registry.npm.wps.cn/p-try/download/p-try-2.2.0.tgz#cb2868540e313d61de58fafbe35ce9004d5540e6"
  integrity sha1-yyhoVA4xPWHeWPr741zpAE1VQOY=

path-exists@^3.0.0:
  version "3.0.0"
  resolved "https://registry.npm.wps.cn/path-exists/download/path-exists-3.0.0.tgz#ce0ebeaa5f78cb18925ea7d810d7b59b010fd515"
  integrity sha1-zg6+ql94yxiSXqfYENe1mwEP1RU=

path-is-absolute@^1.0.0:
  version "1.0.1"
  resolved "https://registry.npm.wps.cn/path-is-absolute/download/path-is-absolute-1.0.1.tgz#174b9268735534ffbc7ace6bf53a5a9e1b5c5f5f"
  integrity sha1-F0uSaHNVNP+8es5r9TpanhtcX18=

performance-now@^2.1.0:
  version "2.1.0"
  resolved "https://registry.npm.wps.cn/performance-now/download/performance-now-2.1.0.tgz#6309f4e0e5fa913ec1c69307ae364b4b377c9e7b"
  integrity sha1-Ywn04OX6kT7BxpMHrjZLSzd8nns=

pkg-up@^3.1.0:
  version "3.1.0"
  resolved "https://registry.npm.wps.cn/pkg-up/download/pkg-up-3.1.0.tgz#100ec235cc150e4fd42519412596a28512a0def5"
  integrity sha1-EA7CNcwVDk/UJRlBJZaihRKg3vU=
  dependencies:
    find-up "^3.0.0"

psl@^1.1.28:
  version "1.9.0"
  resolved "https://registry.npm.wps.cn/psl/download/psl-1.9.0.tgz#d0df2a137f00794565fcaf3b2c00cd09f8d5a5a7"
  integrity sha1-0N8qE38AeUVl/K87LADNCfjVpac=

pump@^3.0.0:
  version "3.0.0"
  resolved "https://registry.npm.wps.cn/pump/download/pump-3.0.0.tgz#b4a2116815bde2f4e1ea602354e8c75565107a64"
  integrity sha1-tKIRaBW94vTh6mAjVOjHVWUQemQ=
  dependencies:
    end-of-stream "^1.1.0"
    once "^1.3.1"

punycode@^2.1.0, punycode@^2.1.1:
  version "2.3.1"
  resolved "https://registry.npm.wps.cn/punycode/download/punycode-2.3.1.tgz#027422e2faec0b25e1549c3e1bd8309b9133b6e5"
  integrity sha1-AnQi4vrsCyXhVJw+G9gwm5EztuU=

qs@~6.5.2:
  version "6.5.3"
  resolved "https://registry.npm.wps.cn/qs/download/qs-6.5.3.tgz#3aeeffc91967ef6e35c0e488ef46fb296ab76aad"
  integrity sha1-Ou7/yRln7241wOSI70b7KWq3aq0=

quick-lru@^5.1.1:
  version "5.1.1"
  resolved "https://registry.npm.wps.cn/quick-lru/download/quick-lru-5.1.1.tgz#366493e6b3e42a3a6885e2e99d18f80fb7a8c932"
  integrity sha1-NmST5rPkKjpoheLpnRj4D7eoyTI=

request@^2.88.2:
  version "2.88.2"
  resolved "https://registry.npm.wps.cn/request/download/request-2.88.2.tgz#d73c918731cb5a87da047e207234146f664d12b3"
  integrity sha1-1zyRhzHLWofaBH4gcjQUb2ZNErM=
  dependencies:
    aws-sign2 "~0.7.0"
    aws4 "^1.8.0"
    caseless "~0.12.0"
    combined-stream "~1.0.6"
    extend "~3.0.2"
    forever-agent "~0.6.1"
    form-data "~2.3.2"
    har-validator "~5.1.3"
    http-signature "~1.2.0"
    is-typedarray "~1.0.0"
    isstream "~0.1.2"
    json-stringify-safe "~5.0.1"
    mime-types "~2.1.19"
    oauth-sign "~0.9.0"
    performance-now "^2.1.0"
    qs "~6.5.2"
    safe-buffer "^5.1.2"
    tough-cookie "~2.5.0"
    tunnel-agent "^0.6.0"
    uuid "^3.3.2"

require-from-string@^2.0.2:
  version "2.0.2"
  resolved "https://registry.npm.wps.cn/require-from-string/download/require-from-string-2.0.2.tgz#89a7fdd938261267318eafe14f9c32e598c36909"
  integrity sha1-iaf92TgmEmcxjq/hT5wy5ZjDaQk=

resolve-alpn@^1.0.0:
  version "1.2.1"
  resolved "https://registry.npm.wps.cn/resolve-alpn/download/resolve-alpn-1.2.1.tgz#b7adbdac3546aaaec20b45e7d8265927072726f9"
  integrity sha1-t629rDVGqq7CC0Xn2CZZJwcnJvk=

responselike@^2.0.0:
  version "2.0.1"
  resolved "https://registry.npm.wps.cn/responselike/download/responselike-2.0.1.tgz#9a0bc8fdc252f3fb1cca68b016591059ba1422bc"
  integrity sha1-mgvI/cJS8/scymiwFlkQWboUIrw=
  dependencies:
    lowercase-keys "^2.0.0"

safe-buffer@^5.0.1, safe-buffer@^5.1.2:
  version "5.2.1"
  resolved "https://registry.npm.wps.cn/safe-buffer/download/safe-buffer-5.2.1.tgz#1eaf9fa9bdb1fdd4ec75f58f9cdb4e6b7827eec6"
  integrity sha1-Hq+fqb2x/dTsdfWPnNtOa3gn7sY=

safer-buffer@^2.0.2, safer-buffer@^2.1.0, safer-buffer@~2.1.0:
  version "2.1.2"
  resolved "https://registry.npm.wps.cn/safer-buffer/download/safer-buffer-2.1.2.tgz#44fa161b0187b9549dd84bb91802f9bd8385cd6a"
  integrity sha1-RPoWGwGHuVSd2Eu5GAL5vYOFzWo=

semver@^6.0.0:
  version "6.3.1"
  resolved "https://registry.npm.wps.cn/semver/download/semver-6.3.1.tgz#556d2ef8689146e46dcea4bfdd095f3434dffcb4"
  integrity sha1-VW0u+GiRRuRtzqS/3QlfNDTf/LQ=

semver@^7.3.4:
  version "7.5.4"
  resolved "https://registry.npm.wps.cn/semver/download/semver-7.5.4.tgz#483986ec4ed38e1c6c48c34894a9182dbff68a6e"
  integrity sha1-SDmG7E7TjhxsSMNIlKkYLb/2im4=
  dependencies:
    lru-cache "^6.0.0"

sshpk@^1.7.0:
  version "1.18.0"
  resolved "https://registry.npm.wps.cn/sshpk/download/sshpk-1.18.0.tgz#1663e55cddf4d688b86a46b77f0d5fe363aba028"
  integrity sha1-FmPlXN301oi4aka3fw1f42OroCg=
  dependencies:
    asn1 "~0.2.3"
    assert-plus "^1.0.0"
    bcrypt-pbkdf "^1.0.0"
    dashdash "^1.12.0"
    ecc-jsbn "~0.1.1"
    getpass "^0.1.1"
    jsbn "~0.1.0"
    safer-buffer "^2.0.2"
    tweetnacl "~0.14.0"

strnum@^1.0.5:
  version "1.0.5"
  resolved "https://registry.npm.wps.cn/strnum/download/strnum-1.0.5.tgz#5c4e829fe15ad4ff0d20c3db5ac97b73c9b072db"
  integrity sha1-XE6Cn+Fa1P8NIMPbWsl7c8mwcts=

tough-cookie@~2.5.0:
  version "2.5.0"
  resolved "https://registry.npm.wps.cn/tough-cookie/download/tough-cookie-2.5.0.tgz#cd9fb2a0aa1d5a12b473bd9fb96fa3dcff65ade2"
  integrity sha1-zZ+yoKodWhK0c72fuW+j3P9lreI=
  dependencies:
    psl "^1.1.28"
    punycode "^2.1.1"

tunnel-agent@^0.6.0:
  version "0.6.0"
  resolved "https://registry.npm.wps.cn/tunnel-agent/download/tunnel-agent-0.6.0.tgz#27a5dea06b36b04a0a9966774b290868f0fc40fd"
  integrity sha1-J6XeoGs2sEoKmWZ3SykIaPD8QP0=
  dependencies:
    safe-buffer "^5.0.1"

tweetnacl@^0.14.3, tweetnacl@~0.14.0:
  version "0.14.5"
  resolved "https://registry.npm.wps.cn/tweetnacl/download/tweetnacl-0.14.5.tgz#5ae68177f192d4456269d108afa93ff8743f4f64"
  integrity sha1-WuaBd/GS1EViadEIr6k/+HQ/T2Q=

undici-types@~5.26.4:
  version "5.26.5"
  resolved "https://registry.npm.wps.cn/undici-types/download/undici-types-5.26.5.tgz#bcd539893d00b56e964fd2657a4866b221a65617"
  integrity sha1-vNU5iT0AtW6WT9JlekhmsiGmVhc=

uri-js@^4.2.2:
  version "4.4.1"
  resolved "https://registry.npm.wps.cn/uri-js/download/uri-js-4.4.1.tgz#9b1a52595225859e55f669d928f88c6c57f2a77e"
  integrity sha1-mxpSWVIlhZ5V9mnZKPiMbFfyp34=
  dependencies:
    punycode "^2.1.0"

uuid@^3.3.2:
  version "3.4.0"
  resolved "https://registry.npm.wps.cn/uuid/download/uuid-3.4.0.tgz#b23e4358afa8a202fe7a100af1f5f883f02007ee"
  integrity sha1-sj5DWK+oogL+ehAK8fX4g/AgB+4=

verror@1.10.0:
  version "1.10.0"
  resolved "https://registry.npm.wps.cn/verror/download/verror-1.10.0.tgz#3a105ca17053af55d6e270c1f8288682e18da400"
  integrity sha1-OhBcoXBTr1XW4nDB+CiGguGNpAA=
  dependencies:
    assert-plus "^1.0.0"
    core-util-is "1.0.2"
    extsprintf "^1.2.0"

woa-asar@^0.0.1:
  version "0.0.1"
  resolved "https://registry.npm.wps.cn/woa-asar/download/woa-asar-0.0.1.tgz#b866747cdfcba654420c370ecfe94122b778f272"
  integrity sha1-uGZ0fN/LplRCDDcOz+lBIrd48nI=
  dependencies:
    commander "^5.0.0"
    glob "^7.1.6"
    minimatch "^3.0.4"

wrappy@1:
  version "1.0.2"
  resolved "https://registry.npm.wps.cn/wrappy/download/wrappy-1.0.2.tgz#b5243d8f3ec1aa35f1364605bc0d1036e30ab69f"
  integrity sha1-tSQ9jz7BqjXxNkYFvA0QNuMKtp8=

yallist@^4.0.0:
  version "4.0.0"
  resolved "https://registry.npm.wps.cn/yallist/download/yallist-4.0.0.tgz#9bb92790d9c0effec63be73519e11a35019a3a72"
  integrity sha1-m7knkNnA7/7GO+c1GeEaNQGaOnI=
